// !$*UTF8*$!
{
	archiveVersion = 1;
	classes = {
	};
	objectVersion = 46;
	objects = {

/* Begin PBXBuildFile section */
		BC060CD419246CC1009989D0 /* Foundation.framework in Frameworks */ = {isa = PBXBuildFile; fileRef = BC060CD319246CC1009989D0 /* Foundation.framework */; };
		BC060CD619246CC1009989D0 /* CoreGraphics.framework in Frameworks */ = {isa = PBXBuildFile; fileRef = BC060CD519246CC1009989D0 /* CoreGraphics.framework */; };
		BC060CD819246CC1009989D0 /* UIKit.framework in Frameworks */ = {isa = PBXBuildFile; fileRef = BC060CD719246CC1009989D0 /* UIKit.framework */; };
		BC060CDE19246CC1009989D0 /* InfoPlist.strings in Resources */ = {isa = PBXBuildFile; fileRef = BC060CDC19246CC1009989D0 /* InfoPlist.strings */; };
		BC060CE019246CC1009989D0 /* main.m in Sources */ = {isa = PBXBuildFile; fileRef = BC060CDF19246CC1009989D0 /* main.m */; };
		BC060CE419246CC1009989D0 /* AppDelegate.m in Sources */ = {isa = PBXBuildFile; fileRef = BC060CE319246CC1009989D0 /* AppDelegate.m */; };
		BC060CE719246CC1009989D0 /* Main.storyboard in Resources */ = {isa = PBXBuildFile; fileRef = BC060CE519246CC1009989D0 /* Main.storyboard */; };
		BC060CEC19246CC1009989D0 /* Images.xcassets in Resources */ = {isa = PBXBuildFile; fileRef = BC060CEB19246CC1009989D0 /* Images.xcassets */; };
		BC060CF319246CC1009989D0 /* XCTest.framework in Frameworks */ = {isa = PBXBuildFile; fileRef = BC060CF219246CC1009989D0 /* XCTest.framework */; };
		BC060CF419246CC1009989D0 /* Foundation.framework in Frameworks */ = {isa = PBXBuildFile; fileRef = BC060CD319246CC1009989D0 /* Foundation.framework */; };
		BC060CF519246CC1009989D0 /* UIKit.framework in Frameworks */ = {isa = PBXBuildFile; fileRef = BC060CD719246CC1009989D0 /* UIKit.framework */; };
		BC060CFD19246CC1009989D0 /* InfoPlist.strings in Resources */ = {isa = PBXBuildFile; fileRef = BC060CFB19246CC1009989D0 /* InfoPlist.strings */; };
		BC060CFF19246CC1009989D0 /* LKAssetsLibraryTests.m in Sources */ = {isa = PBXBuildFile; fileRef = BC060CFE19246CC1009989D0 /* LKAssetsLibraryTests.m */; };
		BC060D2219246ECB009989D0 /* LKAssetsLibrary.m in Sources */ = {isa = PBXBuildFile; fileRef = BC060D1B19246ECB009989D0 /* LKAssetsLibrary.m */; };
		BC060D2319246ECB009989D0 /* LKAssetsLibrary.m in Sources */ = {isa = PBXBuildFile; fileRef = BC060D1B19246ECB009989D0 /* LKAssetsLibrary.m */; };
		BC060D2419246ECB009989D0 /* LKAssetsGroup.m in Sources */ = {isa = PBXBuildFile; fileRef = BC060D1D19246ECB009989D0 /* LKAssetsGroup.m */; };
		BC060D2519246ECB009989D0 /* LKAssetsGroup.m in Sources */ = {isa = PBXBuildFile; fileRef = BC060D1D19246ECB009989D0 /* LKAssetsGroup.m */; };
		BC060D2619246ECB009989D0 /* LKAsset.m in Sources */ = {isa = PBXBuildFile; fileRef = BC060D1F19246ECB009989D0 /* LKAsset.m */; };
		BC060D2719246ECB009989D0 /* LKAsset.m in Sources */ = {isa = PBXBuildFile; fileRef = BC060D1F19246ECB009989D0 /* LKAsset.m */; };
		BC060D7719280662009989D0 /* TableViewController.m in Sources */ = {isa = PBXBuildFile; fileRef = BC060D7619280662009989D0 /* TableViewController.m */; };
		BC060D7A19280674009989D0 /* CollectionViewController.m in Sources */ = {isa = PBXBuildFile; fileRef = BC060D7919280674009989D0 /* CollectionViewController.m */; };
		BC060D83192811CE009989D0 /* PhotoViewController.m in Sources */ = {isa = PBXBuildFile; fileRef = BC060D82192811CE009989D0 /* PhotoViewController.m */; };
		BC060D86192811E3009989D0 /* PhotoCell.m in Sources */ = {isa = PBXBuildFile; fileRef = BC060D85192811E3009989D0 /* PhotoCell.m */; };
		BC060D8B192815D4009989D0 /* AssetCell.m in Sources */ = {isa = PBXBuildFile; fileRef = BC060D8A192815D4009989D0 /* AssetCell.m */; };
		BC060D8E19281F69009989D0 /* AssetHeaderView.m in Sources */ = {isa = PBXBuildFile; fileRef = BC060D8D19281F69009989D0 /* AssetHeaderView.m */; };
		BC060DAA192C0406009989D0 /* FilterViewController.m in Sources */ = {isa = PBXBuildFile; fileRef = BC060DA9192C0406009989D0 /* FilterViewController.m */; };
		BC120FB1192EF57E004F34BA /* LKAssetsCollection.m in Sources */ = {isa = PBXBuildFile; fileRef = BCE6AED7192DA76D00CEB654 /* LKAssetsCollection.m */; };
		BC120FB5192EF774004F34BA /* LKAssetsCollectionGenericGrouping.m in Sources */ = {isa = PBXBuildFile; fileRef = BC120FB4192EF774004F34BA /* LKAssetsCollectionGenericGrouping.m */; };
		BC120FB8192EF785004F34BA /* LKAssetsCollectionGenericFilter.m in Sources */ = {isa = PBXBuildFile; fileRef = BC120FB7192EF785004F34BA /* LKAssetsCollectionGenericFilter.m */; };
		BC120FBB192EF79E004F34BA /* LKAssetsCollectionGenericSorter.m in Sources */ = {isa = PBXBuildFile; fileRef = BC120FBA192EF79E004F34BA /* LKAssetsCollectionGenericSorter.m */; };
		BC120FBE192EF8CC004F34BA /* LKAssetsCollectionEntry.m in Sources */ = {isa = PBXBuildFile; fileRef = BC120FBD192EF8CC004F34BA /* LKAssetsCollectionEntry.m */; };
		BC61868019369D5F00D085AF /* LKImageUtility.m in Sources */ = {isa = PBXBuildFile; fileRef = BC61867F19369D5F00D085AF /* LKImageUtility.m */; };
/* End PBXBuildFile section */

/* Begin PBXContainerItemProxy section */
		BC060CF619246CC1009989D0 /* PBXContainerItemProxy */ = {
			isa = PBXContainerItemProxy;
			containerPortal = BC060CC819246CC0009989D0 /* Project object */;
			proxyType = 1;
			remoteGlobalIDString = BC060CCF19246CC1009989D0;
			remoteInfo = LKAssetsLibrary;
		};
/* End PBXContainerItemProxy section */

/* Begin PBXFileReference section */
		BC060CD019246CC1009989D0 /* LKAssetsLibrary.app */ = {isa = PBXFileReference; explicitFileType = wrapper.application; includeInIndex = 0; path = LKAssetsLibrary.app; sourceTree = BUILT_PRODUCTS_DIR; };
		BC060CD319246CC1009989D0 /* Foundation.framework */ = {isa = PBXFileReference; lastKnownFileType = wrapper.framework; name = Foundation.framework; path = System/Library/Frameworks/Foundation.framework; sourceTree = SDKROOT; };
		BC060CD519246CC1009989D0 /* CoreGraphics.framework */ = {isa = PBXFileReference; lastKnownFileType = wrapper.framework; name = CoreGraphics.framework; path = System/Library/Frameworks/CoreGraphics.framework; sourceTree = SDKROOT; };
		BC060CD719246CC1009989D0 /* UIKit.framework */ = {isa = PBXFileReference; lastKnownFileType = wrapper.framework; name = UIKit.framework; path = System/Library/Frameworks/UIKit.framework; sourceTree = SDKROOT; };
		BC060CDB19246CC1009989D0 /* LKAssetsLibrary-Info.plist */ = {isa = PBXFileReference; lastKnownFileType = text.plist.xml; path = "LKAssetsLibrary-Info.plist"; sourceTree = "<group>"; };
		BC060CDD19246CC1009989D0 /* en */ = {isa = PBXFileReference; lastKnownFileType = text.plist.strings; name = en; path = en.lproj/InfoPlist.strings; sourceTree = "<group>"; };
		BC060CDF19246CC1009989D0 /* main.m */ = {isa = PBXFileReference; lastKnownFileType = sourcecode.c.objc; path = main.m; sourceTree = "<group>"; };
		BC060CE119246CC1009989D0 /* LKAssetsLibrary-Prefix.pch */ = {isa = PBXFileReference; lastKnownFileType = sourcecode.c.h; path = "LKAssetsLibrary-Prefix.pch"; sourceTree = "<group>"; };
		BC060CE219246CC1009989D0 /* AppDelegate.h */ = {isa = PBXFileReference; lastKnownFileType = sourcecode.c.h; path = AppDelegate.h; sourceTree = "<group>"; };
		BC060CE319246CC1009989D0 /* AppDelegate.m */ = {isa = PBXFileReference; lastKnownFileType = sourcecode.c.objc; path = AppDelegate.m; sourceTree = "<group>"; };
		BC060CE619246CC1009989D0 /* Base */ = {isa = PBXFileReference; lastKnownFileType = file.storyboard; name = Base; path = Base.lproj/Main.storyboard; sourceTree = "<group>"; };
		BC060CEB19246CC1009989D0 /* Images.xcassets */ = {isa = PBXFileReference; lastKnownFileType = folder.assetcatalog; path = Images.xcassets; sourceTree = "<group>"; };
		BC060CF119246CC1009989D0 /* LKAssetsLibraryTests.xctest */ = {isa = PBXFileReference; explicitFileType = wrapper.cfbundle; includeInIndex = 0; path = LKAssetsLibraryTests.xctest; sourceTree = BUILT_PRODUCTS_DIR; };
		BC060CF219246CC1009989D0 /* XCTest.framework */ = {isa = PBXFileReference; lastKnownFileType = wrapper.framework; name = XCTest.framework; path = Library/Frameworks/XCTest.framework; sourceTree = DEVELOPER_DIR; };
		BC060CFA19246CC1009989D0 /* LKAssetsLibraryTests-Info.plist */ = {isa = PBXFileReference; lastKnownFileType = text.plist.xml; path = "LKAssetsLibraryTests-Info.plist"; sourceTree = "<group>"; };
		BC060CFC19246CC1009989D0 /* en */ = {isa = PBXFileReference; lastKnownFileType = text.plist.strings; name = en; path = en.lproj/InfoPlist.strings; sourceTree = "<group>"; };
		BC060CFE19246CC1009989D0 /* LKAssetsLibraryTests.m */ = {isa = PBXFileReference; lastKnownFileType = sourcecode.c.objc; path = LKAssetsLibraryTests.m; sourceTree = "<group>"; };
		BC060D0919246D4D009989D0 /* LKAssetsLibrary.podspec */ = {isa = PBXFileReference; lastKnownFileType = text; path = LKAssetsLibrary.podspec; sourceTree = "<group>"; };
		BC060D1A19246ECB009989D0 /* LKAssetsLibrary.h */ = {isa = PBXFileReference; fileEncoding = 4; lastKnownFileType = sourcecode.c.h; path = LKAssetsLibrary.h; sourceTree = "<group>"; };
		BC060D1B19246ECB009989D0 /* LKAssetsLibrary.m */ = {isa = PBXFileReference; fileEncoding = 4; lastKnownFileType = sourcecode.c.objc; path = LKAssetsLibrary.m; sourceTree = "<group>"; };
		BC060D1C19246ECB009989D0 /* LKAssetsGroup.h */ = {isa = PBXFileReference; fileEncoding = 4; lastKnownFileType = sourcecode.c.h; path = LKAssetsGroup.h; sourceTree = "<group>"; };
		BC060D1D19246ECB009989D0 /* LKAssetsGroup.m */ = {isa = PBXFileReference; fileEncoding = 4; lastKnownFileType = sourcecode.c.objc; path = LKAssetsGroup.m; sourceTree = "<group>"; };
		BC060D1E19246ECB009989D0 /* LKAsset.h */ = {isa = PBXFileReference; fileEncoding = 4; lastKnownFileType = sourcecode.c.h; path = LKAsset.h; sourceTree = "<group>"; };
		BC060D1F19246ECB009989D0 /* LKAsset.m */ = {isa = PBXFileReference; fileEncoding = 4; lastKnownFileType = sourcecode.c.objc; path = LKAsset.m; sourceTree = "<group>"; };
		BC060D7519280662009989D0 /* TableViewController.h */ = {isa = PBXFileReference; fileEncoding = 4; lastKnownFileType = sourcecode.c.h; path = TableViewController.h; sourceTree = "<group>"; };
		BC060D7619280662009989D0 /* TableViewController.m */ = {isa = PBXFileReference; fileEncoding = 4; lastKnownFileType = sourcecode.c.objc; path = TableViewController.m; sourceTree = "<group>"; };
		BC060D7819280674009989D0 /* CollectionViewController.h */ = {isa = PBXFileReference; fileEncoding = 4; lastKnownFileType = sourcecode.c.h; path = CollectionViewController.h; sourceTree = "<group>"; };
		BC060D7919280674009989D0 /* CollectionViewController.m */ = {isa = PBXFileReference; fileEncoding = 4; lastKnownFileType = sourcecode.c.objc; path = CollectionViewController.m; sourceTree = "<group>"; };
		BC060D81192811CE009989D0 /* PhotoViewController.h */ = {isa = PBXFileReference; fileEncoding = 4; lastKnownFileType = sourcecode.c.h; path = PhotoViewController.h; sourceTree = "<group>"; };
		BC060D82192811CE009989D0 /* PhotoViewController.m */ = {isa = PBXFileReference; fileEncoding = 4; lastKnownFileType = sourcecode.c.objc; path = PhotoViewController.m; sourceTree = "<group>"; };
		BC060D84192811E3009989D0 /* PhotoCell.h */ = {isa = PBXFileReference; fileEncoding = 4; lastKnownFileType = sourcecode.c.h; path = PhotoCell.h; sourceTree = "<group>"; };
		BC060D85192811E3009989D0 /* PhotoCell.m */ = {isa = PBXFileReference; fileEncoding = 4; lastKnownFileType = sourcecode.c.objc; path = PhotoCell.m; sourceTree = "<group>"; };
		BC060D89192815D4009989D0 /* AssetCell.h */ = {isa = PBXFileReference; fileEncoding = 4; lastKnownFileType = sourcecode.c.h; path = AssetCell.h; sourceTree = "<group>"; };
		BC060D8A192815D4009989D0 /* AssetCell.m */ = {isa = PBXFileReference; fileEncoding = 4; lastKnownFileType = sourcecode.c.objc; path = AssetCell.m; sourceTree = "<group>"; };
		BC060D8C19281F69009989D0 /* AssetHeaderView.h */ = {isa = PBXFileReference; fileEncoding = 4; lastKnownFileType = sourcecode.c.h; path = AssetHeaderView.h; sourceTree = "<group>"; };
		BC060D8D19281F69009989D0 /* AssetHeaderView.m */ = {isa = PBXFileReference; fileEncoding = 4; lastKnownFileType = sourcecode.c.objc; path = AssetHeaderView.m; sourceTree = "<group>"; };
		BC060DA8192C0406009989D0 /* FilterViewController.h */ = {isa = PBXFileReference; fileEncoding = 4; lastKnownFileType = sourcecode.c.h; path = FilterViewController.h; sourceTree = "<group>"; };
		BC060DA9192C0406009989D0 /* FilterViewController.m */ = {isa = PBXFileReference; fileEncoding = 4; lastKnownFileType = sourcecode.c.objc; path = FilterViewController.m; sourceTree = "<group>"; };
		BC120FB3192EF774004F34BA /* LKAssetsCollectionGenericGrouping.h */ = {isa = PBXFileReference; fileEncoding = 4; lastKnownFileType = sourcecode.c.h; path = LKAssetsCollectionGenericGrouping.h; sourceTree = "<group>"; };
		BC120FB4192EF774004F34BA /* LKAssetsCollectionGenericGrouping.m */ = {isa = PBXFileReference; fileEncoding = 4; lastKnownFileType = sourcecode.c.objc; path = LKAssetsCollectionGenericGrouping.m; sourceTree = "<group>"; };
		BC120FB6192EF784004F34BA /* LKAssetsCollectionGenericFilter.h */ = {isa = PBXFileReference; fileEncoding = 4; lastKnownFileType = sourcecode.c.h; path = LKAssetsCollectionGenericFilter.h; sourceTree = "<group>"; };
		BC120FB7192EF785004F34BA /* LKAssetsCollectionGenericFilter.m */ = {isa = PBXFileReference; fileEncoding = 4; lastKnownFileType = sourcecode.c.objc; path = LKAssetsCollectionGenericFilter.m; sourceTree = "<group>"; };
		BC120FB9192EF79E004F34BA /* LKAssetsCollectionGenericSorter.h */ = {isa = PBXFileReference; fileEncoding = 4; lastKnownFileType = sourcecode.c.h; path = LKAssetsCollectionGenericSorter.h; sourceTree = "<group>"; };
		BC120FBA192EF79E004F34BA /* LKAssetsCollectionGenericSorter.m */ = {isa = PBXFileReference; fileEncoding = 4; lastKnownFileType = sourcecode.c.objc; path = LKAssetsCollectionGenericSorter.m; sourceTree = "<group>"; };
		BC120FBC192EF8CC004F34BA /* LKAssetsCollectionEntry.h */ = {isa = PBXFileReference; fileEncoding = 4; lastKnownFileType = sourcecode.c.h; path = LKAssetsCollectionEntry.h; sourceTree = "<group>"; };
		BC120FBD192EF8CC004F34BA /* LKAssetsCollectionEntry.m */ = {isa = PBXFileReference; fileEncoding = 4; lastKnownFileType = sourcecode.c.objc; path = LKAssetsCollectionEntry.m; sourceTree = "<group>"; };
		BC2A371819375E5F00C672B7 /* LKAssetsCollectionGrouping.h */ = {isa = PBXFileReference; lastKnownFileType = sourcecode.c.h; path = LKAssetsCollectionGrouping.h; sourceTree = "<group>"; };
		BC2A371919375FB600C672B7 /* LKAssetsCollectionSorter.h */ = {isa = PBXFileReference; lastKnownFileType = sourcecode.c.h; path = LKAssetsCollectionSorter.h; sourceTree = "<group>"; };
		BC2A371A1937611200C672B7 /* LKAssetsCollectionFilter.h */ = {isa = PBXFileReference; lastKnownFileType = sourcecode.c.h; path = LKAssetsCollectionFilter.h; sourceTree = "<group>"; };
		BC61867E19369D5F00D085AF /* LKImageUtility.h */ = {isa = PBXFileReference; fileEncoding = 4; lastKnownFileType = sourcecode.c.h; path = LKImageUtility.h; sourceTree = "<group>"; };
		BC61867F19369D5F00D085AF /* LKImageUtility.m */ = {isa = PBXFileReference; fileEncoding = 4; lastKnownFileType = sourcecode.c.objc; path = LKImageUtility.m; sourceTree = "<group>"; };
		BCE6AED6192DA76D00CEB654 /* LKAssetsCollection.h */ = {isa = PBXFileReference; fileEncoding = 4; lastKnownFileType = sourcecode.c.h; path = LKAssetsCollection.h; sourceTree = "<group>"; };
		BCE6AED7192DA76D00CEB654 /* LKAssetsCollection.m */ = {isa = PBXFileReference; fileEncoding = 4; lastKnownFileType = sourcecode.c.objc; path = LKAssetsCollection.m; sourceTree = "<group>"; };
		BCEA5FB2194D0A5600F32276 /* LKAssetsCollectionGenericHelpers.h */ = {isa = PBXFileReference; lastKnownFileType = sourcecode.c.h; path = LKAssetsCollectionGenericHelpers.h; sourceTree = "<group>"; };
		C5216A84106443DC8AAA2854 /* libPods.a */ = {isa = PBXFileReference; explicitFileType = archive.ar; includeInIndex = 0; path = libPods.a; sourceTree = BUILT_PRODUCTS_DIR; };
/* End PBXFileReference section */

/* Begin PBXFrameworksBuildPhase section */
		BC060CCD19246CC1009989D0 /* Frameworks */ = {
			isa = PBXFrameworksBuildPhase;
			buildActionMask = 2147483647;
			files = (
				BC060CD619246CC1009989D0 /* CoreGraphics.framework in Frameworks */,
				BC060CD819246CC1009989D0 /* UIKit.framework in Frameworks */,
				BC060CD419246CC1009989D0 /* Foundation.framework in Frameworks */,
			);
			runOnlyForDeploymentPostprocessing = 0;
		};
		BC060CEE19246CC1009989D0 /* Frameworks */ = {
			isa = PBXFrameworksBuildPhase;
			buildActionMask = 2147483647;
			files = (
				BC060CF319246CC1009989D0 /* XCTest.framework in Frameworks */,
				BC060CF519246CC1009989D0 /* UIKit.framework in Frameworks */,
				BC060CF419246CC1009989D0 /* Foundation.framework in Frameworks */,
			);
			runOnlyForDeploymentPostprocessing = 0;
		};
/* End PBXFrameworksBuildPhase section */

/* Begin PBXGroup section */
		BC060CC719246CC0009989D0 = {
			isa = PBXGroup;
			children = (
				BC060D0919246D4D009989D0 /* LKAssetsLibrary.podspec */,
				BC060D0819246D0B009989D0 /* Classes */,
				BC060CD919246CC1009989D0 /* Examples */,
				BC060CF819246CC1009989D0 /* LKAssetsLibraryTests */,
				BC060CD219246CC1009989D0 /* Frameworks */,
				BC060CD119246CC1009989D0 /* Products */,
			);
			sourceTree = "<group>";
		};
		BC060CD119246CC1009989D0 /* Products */ = {
			isa = PBXGroup;
			children = (
				BC060CD019246CC1009989D0 /* LKAssetsLibrary.app */,
				BC060CF119246CC1009989D0 /* LKAssetsLibraryTests.xctest */,
			);
			name = Products;
			sourceTree = "<group>";
		};
		BC060CD219246CC1009989D0 /* Frameworks */ = {
			isa = PBXGroup;
			children = (
				BC060CD319246CC1009989D0 /* Foundation.framework */,
				BC060CD519246CC1009989D0 /* CoreGraphics.framework */,
				BC060CD719246CC1009989D0 /* UIKit.framework */,
				BC060CF219246CC1009989D0 /* XCTest.framework */,
				C5216A84106443DC8AAA2854 /* libPods.a */,
			);
			name = Frameworks;
			sourceTree = "<group>";
		};
		BC060CD919246CC1009989D0 /* Examples */ = {
			isa = PBXGroup;
			children = (
				BC060CE219246CC1009989D0 /* AppDelegate.h */,
				BC060CE319246CC1009989D0 /* AppDelegate.m */,
				BC060CE519246CC1009989D0 /* Main.storyboard */,
				BC060D7519280662009989D0 /* TableViewController.h */,
				BC060D7619280662009989D0 /* TableViewController.m */,
				BC060DA8192C0406009989D0 /* FilterViewController.h */,
				BC060DA9192C0406009989D0 /* FilterViewController.m */,
				BC060D7819280674009989D0 /* CollectionViewController.h */,
				BC060D7919280674009989D0 /* CollectionViewController.m */,
				BC060D89192815D4009989D0 /* AssetCell.h */,
				BC060D8A192815D4009989D0 /* AssetCell.m */,
				BC060D8C19281F69009989D0 /* AssetHeaderView.h */,
				BC060D8D19281F69009989D0 /* AssetHeaderView.m */,
				BC060D81192811CE009989D0 /* PhotoViewController.h */,
				BC060D82192811CE009989D0 /* PhotoViewController.m */,
				BC060D84192811E3009989D0 /* PhotoCell.h */,
				BC060D85192811E3009989D0 /* PhotoCell.m */,
				BC060CEB19246CC1009989D0 /* Images.xcassets */,
				BC060CDA19246CC1009989D0 /* Supporting Files */,
			);
			path = Examples;
			sourceTree = "<group>";
		};
		BC060CDA19246CC1009989D0 /* Supporting Files */ = {
			isa = PBXGroup;
			children = (
				BC060CDB19246CC1009989D0 /* LKAssetsLibrary-Info.plist */,
				BC060CDC19246CC1009989D0 /* InfoPlist.strings */,
				BC060CDF19246CC1009989D0 /* main.m */,
				BC060CE119246CC1009989D0 /* LKAssetsLibrary-Prefix.pch */,
			);
			name = "Supporting Files";
			sourceTree = "<group>";
		};
		BC060CF819246CC1009989D0 /* LKAssetsLibraryTests */ = {
			isa = PBXGroup;
			children = (
				BC060CFE19246CC1009989D0 /* LKAssetsLibraryTests.m */,
				BC060CF919246CC1009989D0 /* Supporting Files */,
			);
			name = LKAssetsLibraryTests;
			path = Tests;
			sourceTree = "<group>";
		};
		BC060CF919246CC1009989D0 /* Supporting Files */ = {
			isa = PBXGroup;
			children = (
				BC060CFA19246CC1009989D0 /* LKAssetsLibraryTests-Info.plist */,
				BC060CFB19246CC1009989D0 /* InfoPlist.strings */,
			);
			name = "Supporting Files";
			sourceTree = "<group>";
		};
		BC060D0819246D0B009989D0 /* Classes */ = {
			isa = PBXGroup;
			children = (
				BC060D1A19246ECB009989D0 /* LKAssetsLibrary.h */,
				BC060D1B19246ECB009989D0 /* LKAssetsLibrary.m */,
				BC060D1C19246ECB009989D0 /* LKAssetsGroup.h */,
				BC060D1D19246ECB009989D0 /* LKAssetsGroup.m */,
				BC060D1E19246ECB009989D0 /* LKAsset.h */,
				BC060D1F19246ECB009989D0 /* LKAsset.m */,
				BCE6AEDF192DADF000CEB654 /* Collection */,
				BC61867D19369D4600D085AF /* Utilities */,
			);
			path = Classes;
			sourceTree = "<group>";
		};
		BC2A371719375E4000C672B7 /* Helpers (Generic) */ = {
			isa = PBXGroup;
			children = (
				BCEA5FB2194D0A5600F32276 /* LKAssetsCollectionGenericHelpers.h */,
				BC120FB3192EF774004F34BA /* LKAssetsCollectionGenericGrouping.h */,
				BC120FB4192EF774004F34BA /* LKAssetsCollectionGenericGrouping.m */,
				BC120FB6192EF784004F34BA /* LKAssetsCollectionGenericFilter.h */,
				BC120FB7192EF785004F34BA /* LKAssetsCollectionGenericFilter.m */,
				BC120FB9192EF79E004F34BA /* LKAssetsCollectionGenericSorter.h */,
				BC120FBA192EF79E004F34BA /* LKAssetsCollectionGenericSorter.m */,
			);
			name = "Helpers (Generic)";
			sourceTree = "<group>";
		};
		BC2A371B1937650700C672B7 /* Helpers (Protocol) */ = {
			isa = PBXGroup;
			children = (
				BC2A371819375E5F00C672B7 /* LKAssetsCollectionGrouping.h */,
				BC2A371A1937611200C672B7 /* LKAssetsCollectionFilter.h */,
				BC2A371919375FB600C672B7 /* LKAssetsCollectionSorter.h */,
			);
			name = "Helpers (Protocol)";
			sourceTree = "<group>";
		};
		BC61867D19369D4600D085AF /* Utilities */ = {
			isa = PBXGroup;
			children = (
				BC61867E19369D5F00D085AF /* LKImageUtility.h */,
				BC61867F19369D5F00D085AF /* LKImageUtility.m */,
			);
			name = Utilities;
			sourceTree = "<group>";
		};
		BCE6AEDF192DADF000CEB654 /* Collection */ = {
			isa = PBXGroup;
			children = (
				BCE6AED6192DA76D00CEB654 /* LKAssetsCollection.h */,
				BCE6AED7192DA76D00CEB654 /* LKAssetsCollection.m */,
				BC120FBC192EF8CC004F34BA /* LKAssetsCollectionEntry.h */,
				BC120FBD192EF8CC004F34BA /* LKAssetsCollectionEntry.m */,
				BC2A371B1937650700C672B7 /* Helpers (Protocol) */,
				BC2A371719375E4000C672B7 /* Helpers (Generic) */,
			);
			name = Collection;
			sourceTree = "<group>";
		};
/* End PBXGroup section */

/* Begin PBXNativeTarget section */
		BC060CCF19246CC1009989D0 /* LKAssetsLibrary */ = {
			isa = PBXNativeTarget;
			buildConfigurationList = BC060D0219246CC1009989D0 /* Build configuration list for PBXNativeTarget "LKAssetsLibrary" */;
			buildPhases = (
				BC060CCC19246CC1009989D0 /* Sources */,
				BC060CCD19246CC1009989D0 /* Frameworks */,
				BC060CCE19246CC1009989D0 /* Resources */,
			);
			buildRules = (
			);
			dependencies = (
			);
			name = LKAssetsLibrary;
			productName = LKAssetsLibrary;
			productReference = BC060CD019246CC1009989D0 /* LKAssetsLibrary.app */;
			productType = "com.apple.product-type.application";
		};
		BC060CF019246CC1009989D0 /* LKAssetsLibraryTests */ = {
			isa = PBXNativeTarget;
			buildConfigurationList = BC060D0519246CC1009989D0 /* Build configuration list for PBXNativeTarget "LKAssetsLibraryTests" */;
			buildPhases = (
				BC060CED19246CC1009989D0 /* Sources */,
				BC060CEE19246CC1009989D0 /* Frameworks */,
				BC060CEF19246CC1009989D0 /* Resources */,
			);
			buildRules = (
			);
			dependencies = (
				BC060CF719246CC1009989D0 /* PBXTargetDependency */,
			);
			name = LKAssetsLibraryTests;
			productName = LKAssetsLibraryTests;
			productReference = BC060CF119246CC1009989D0 /* LKAssetsLibraryTests.xctest */;
			productType = "com.apple.product-type.bundle.unit-test";
		};
/* End PBXNativeTarget section */

/* Begin PBXProject section */
		BC060CC819246CC0009989D0 /* Project object */ = {
			isa = PBXProject;
			attributes = {
				LastUpgradeCheck = 0510;
				ORGANIZATIONNAME = lakesoft;
				TargetAttributes = {
					BC060CF019246CC1009989D0 = {
						TestTargetID = BC060CCF19246CC1009989D0;
					};
				};
			};
			buildConfigurationList = BC060CCB19246CC0009989D0 /* Build configuration list for PBXProject "LKAssetsLibrary" */;
			compatibilityVersion = "Xcode 3.2";
			developmentRegion = English;
			hasScannedForEncodings = 0;
			knownRegions = (
				en,
				Base,
			);
			mainGroup = BC060CC719246CC0009989D0;
			productRefGroup = BC060CD119246CC1009989D0 /* Products */;
			projectDirPath = "";
			projectRoot = "";
			targets = (
				BC060CCF19246CC1009989D0 /* LKAssetsLibrary */,
				BC060CF019246CC1009989D0 /* LKAssetsLibraryTests */,
			);
		};
/* End PBXProject section */

/* Begin PBXResourcesBuildPhase section */
		BC060CCE19246CC1009989D0 /* Resources */ = {
			isa = PBXResourcesBuildPhase;
			buildActionMask = 2147483647;
			files = (
				BC060CEC19246CC1009989D0 /* Images.xcassets in Resources */,
				BC060CDE19246CC1009989D0 /* InfoPlist.strings in Resources */,
				BC060CE719246CC1009989D0 /* Main.storyboard in Resources */,
			);
			runOnlyForDeploymentPostprocessing = 0;
		};
		BC060CEF19246CC1009989D0 /* Resources */ = {
			isa = PBXResourcesBuildPhase;
			buildActionMask = 2147483647;
			files = (
				BC060CFD19246CC1009989D0 /* InfoPlist.strings in Resources */,
			);
			runOnlyForDeploymentPostprocessing = 0;
		};
/* End PBXResourcesBuildPhase section */

/* Begin PBXSourcesBuildPhase section */
		BC060CCC19246CC1009989D0 /* Sources */ = {
			isa = PBXSourcesBuildPhase;
			buildActionMask = 2147483647;
			files = (
				BC060D7A19280674009989D0 /* CollectionViewController.m in Sources */,
				BC120FBB192EF79E004F34BA /* LKAssetsCollectionGenericSorter.m in Sources */,
				BC060D2619246ECB009989D0 /* LKAsset.m in Sources */,
				BC060D2419246ECB009989D0 /* LKAssetsGroup.m in Sources */,
				BC120FB5192EF774004F34BA /* LKAssetsCollectionGenericGrouping.m in Sources */,
				BC060D8E19281F69009989D0 /* AssetHeaderView.m in Sources */,
				BC120FBE192EF8CC004F34BA /* LKAssetsCollectionEntry.m in Sources */,
				BC060CE419246CC1009989D0 /* AppDelegate.m in Sources */,
				BC120FB1192EF57E004F34BA /* LKAssetsCollection.m in Sources */,
				BC060D8B192815D4009989D0 /* AssetCell.m in Sources */,
				BC060DAA192C0406009989D0 /* FilterViewController.m in Sources */,
				BC060CE019246CC1009989D0 /* main.m in Sources */,
				BC060D7719280662009989D0 /* TableViewController.m in Sources */,
				BC61868019369D5F00D085AF /* LKImageUtility.m in Sources */,
				BC120FB8192EF785004F34BA /* LKAssetsCollectionGenericFilter.m in Sources */,
				BC060D86192811E3009989D0 /* PhotoCell.m in Sources */,
				BC060D83192811CE009989D0 /* PhotoViewController.m in Sources */,
				BC060D2219246ECB009989D0 /* LKAssetsLibrary.m in Sources */,
			);
			runOnlyForDeploymentPostprocessing = 0;
		};
		BC060CED19246CC1009989D0 /* Sources */ = {
			isa = PBXSourcesBuildPhase;
			buildActionMask = 2147483647;
			files = (
				BC060CFF19246CC1009989D0 /* LKAssetsLibraryTests.m in Sources */,
				BC060D2319246ECB009989D0 /* LKAssetsLibrary.m in Sources */,
				BC060D2519246ECB009989D0 /* LKAssetsGroup.m in Sources */,
				BC060D2719246ECB009989D0 /* LKAsset.m in Sources */,
			);
			runOnlyForDeploymentPostprocessing = 0;
		};
/* End PBXSourcesBuildPhase section */

/* Begin PBXTargetDependency section */
		BC060CF719246CC1009989D0 /* PBXTargetDependency */ = {
			isa = PBXTargetDependency;
			target = BC060CCF19246CC1009989D0 /* LKAssetsLibrary */;
			targetProxy = BC060CF619246CC1009989D0 /* PBXContainerItemProxy */;
		};
/* End PBXTargetDependency section */

/* Begin PBXVariantGroup section */
		BC060CDC19246CC1009989D0 /* InfoPlist.strings */ = {
			isa = PBXVariantGroup;
			children = (
				BC060CDD19246CC1009989D0 /* en */,
			);
			name = InfoPlist.strings;
			sourceTree = "<group>";
		};
		BC060CE519246CC1009989D0 /* Main.storyboard */ = {
			isa = PBXVariantGroup;
			children = (
				BC060CE619246CC1009989D0 /* Base */,
			);
			name = Main.storyboard;
			sourceTree = "<group>";
		};
		BC060CFB19246CC1009989D0 /* InfoPlist.strings */ = {
			isa = PBXVariantGroup;
			children = (
				BC060CFC19246CC1009989D0 /* en */,
			);
			name = InfoPlist.strings;
			sourceTree = "<group>";
		};
/* End PBXVariantGroup section */

/* Begin XCBuildConfiguration section */
		BC060D0019246CC1009989D0 /* Debug */ = {
			isa = XCBuildConfiguration;
			buildSettings = {
				ALWAYS_SEARCH_USER_PATHS = NO;
				CLANG_CXX_LANGUAGE_STANDARD = "gnu++0x";
				CLANG_CXX_LIBRARY = "libc++";
				CLANG_ENABLE_MODULES = YES;
				CLANG_ENABLE_OBJC_ARC = YES;
				CLANG_WARN_BOOL_CONVERSION = YES;
				CLANG_WARN_CONSTANT_CONVERSION = YES;
				CLANG_WARN_DIRECT_OBJC_ISA_USAGE = YES_ERROR;
				CLANG_WARN_EMPTY_BODY = YES;
				CLANG_WARN_ENUM_CONVERSION = YES;
				CLANG_WARN_INT_CONVERSION = YES;
				CLANG_WARN_OBJC_ROOT_CLASS = YES_ERROR;
				CLANG_WARN__DUPLICATE_METHOD_MATCH = YES;
				"CODE_SIGN_IDENTITY[sdk=iphoneos*]" = "iPhone Developer";
				COPY_PHASE_STRIP = NO;
				GCC_C_LANGUAGE_STANDARD = gnu99;
				GCC_DYNAMIC_NO_PIC = NO;
				GCC_OPTIMIZATION_LEVEL = 0;
				GCC_PREPROCESSOR_DEFINITIONS = (
					"DEBUG=1",
					"$(inherited)",
				);
				GCC_SYMBOLS_PRIVATE_EXTERN = NO;
				GCC_WARN_64_TO_32_BIT_CONVERSION = YES;
				GCC_WARN_ABOUT_RETURN_TYPE = YES_ERROR;
				GCC_WARN_UNDECLARED_SELECTOR = YES;
				GCC_WARN_UNINITIALIZED_AUTOS = YES_AGGRESSIVE;
				GCC_WARN_UNUSED_FUNCTION = YES;
				GCC_WARN_UNUSED_VARIABLE = YES;
				IPHONEOS_DEPLOYMENT_TARGET = 7.1;
				ONLY_ACTIVE_ARCH = YES;
				SDKROOT = iphoneos;
			};
			name = Debug;
		};
		BC060D0119246CC1009989D0 /* Release */ = {
			isa = XCBuildConfiguration;
			buildSettings = {
				ALWAYS_SEARCH_USER_PATHS = NO;
				CLANG_CXX_LANGUAGE_STANDARD = "gnu++0x";
				CLANG_CXX_LIBRARY = "libc++";
				CLANG_ENABLE_MODULES = YES;
				CLANG_ENABLE_OBJC_ARC = YES;
				CLANG_WARN_BOOL_CONVERSION = YES;
				CLANG_WARN_CONSTANT_CONVERSION = YES;
				CLANG_WARN_DIRECT_OBJC_ISA_USAGE = YES_ERROR;
				CLANG_WARN_EMPTY_BODY = YES;
				CLANG_WARN_ENUM_CONVERSION = YES;
				CLANG_WARN_INT_CONVERSION = YES;
				CLANG_WARN_OBJC_ROOT_CLASS = YES_ERROR;
				CLANG_WARN__DUPLICATE_METHOD_MATCH = YES;
				"CODE_SIGN_IDENTITY[sdk=iphoneos*]" = "iPhone Developer";
				COPY_PHASE_STRIP = YES;
				ENABLE_NS_ASSERTIONS = NO;
				GCC_C_LANGUAGE_STANDARD = gnu99;
				GCC_WARN_64_TO_32_BIT_CONVERSION = YES;
				GCC_WARN_ABOUT_RETURN_TYPE = YES_ERROR;
				GCC_WARN_UNDECLARED_SELECTOR = YES;
				GCC_WARN_UNINITIALIZED_AUTOS = YES_AGGRESSIVE;
				GCC_WARN_UNUSED_FUNCTION = YES;
				GCC_WARN_UNUSED_VARIABLE = YES;
				IPHONEOS_DEPLOYMENT_TARGET = 7.1;
				SDKROOT = iphoneos;
				VALIDATE_PRODUCT = YES;
			};
			name = Release;
		};
		BC060D0319246CC1009989D0 /* Debug */ = {
			isa = XCBuildConfiguration;
			buildSettings = {
				ASSETCATALOG_COMPILER_APPICON_NAME = AppIcon;
				ASSETCATALOG_COMPILER_LAUNCHIMAGE_NAME = LaunchImage;
				GCC_PRECOMPILE_PREFIX_HEADER = YES;
				GCC_PREFIX_HEADER = "Examples/LKAssetsLibrary-Prefix.pch";
				INFOPLIST_FILE = "Examples/LKAssetsLibrary-Info.plist";
				PRODUCT_NAME = "$(TARGET_NAME)";
				WRAPPER_EXTENSION = app;
			};
			name = Debug;
		};
		BC060D0419246CC1009989D0 /* Release */ = {
			isa = XCBuildConfiguration;
			buildSettings = {
				ASSETCATALOG_COMPILER_APPICON_NAME = AppIcon;
				ASSETCATALOG_COMPILER_LAUNCHIMAGE_NAME = LaunchImage;
				GCC_PRECOMPILE_PREFIX_HEADER = YES;
				GCC_PREFIX_HEADER = "Examples/LKAssetsLibrary-Prefix.pch";
				INFOPLIST_FILE = "Examples/LKAssetsLibrary-Info.plist";
				PRODUCT_NAME = "$(TARGET_NAME)";
				WRAPPER_EXTENSION = app;
			};
			name = Release;
		};
		BC060D0619246CC1009989D0 /* Debug */ = {
			isa = XCBuildConfiguration;
			buildSettings = {
				BUNDLE_LOADER = "$(BUILT_PRODUCTS_DIR)/LKAssetsLibrary.app/LKAssetsLibrary";
				FRAMEWORK_SEARCH_PATHS = (
					"$(SDKROOT)/Developer/Library/Frameworks",
					"$(inherited)",
					"$(DEVELOPER_FRAMEWORKS_DIR)",
				);
				GCC_PRECOMPILE_PREFIX_HEADER = YES;
				GCC_PREFIX_HEADER = "Examples/LKAssetsLibrary-Prefix.pch";
				GCC_PREPROCESSOR_DEFINITIONS = (
					"DEBUG=1",
					"$(inherited)",
				);
				INFOPLIST_FILE = "Tests/LKAssetsLibraryTests-Info.plist";
				PRODUCT_NAME = "$(TARGET_NAME)";
				TEST_HOST = "$(BUNDLE_LOADER)";
				WRAPPER_EXTENSION = xctest;
			};
			name = Debug;
		};
		BC060D0719246CC1009989D0 /* Release */ = {
			isa = XCBuildConfiguration;
			buildSettings = {
				BUNDLE_LOADER = "$(BUILT_PRODUCTS_DIR)/LKAssetsLibrary.app/LKAssetsLibrary";
				FRAMEWORK_SEARCH_PATHS = (
					"$(SDKROOT)/Developer/Library/Frameworks",
					"$(inherited)",
					"$(DEVELOPER_FRAMEWORKS_DIR)",
				);
				GCC_PRECOMPILE_PREFIX_HEADER = YES;
				GCC_PREFIX_HEADER = "Examples/LKAssetsLibrary-Prefix.pch";
				INFOPLIST_FILE = "Tests/LKAssetsLibraryTests-Info.plist";
				PRODUCT_NAME = "$(TARGET_NAME)";
				TEST_HOST = "$(BUNDLE_LOADER)";
				WRAPPER_EXTENSION = xctest;
			};
			name = Release;
		};
/* End XCBuildConfiguration section */

/* Begin XCConfigurationList section */
		BC060CCB19246CC0009989D0 /* Build configuration list for PBXProject "LKAssetsLibrary" */ = {
			isa = XCConfigurationList;
			buildConfigurations = (
				BC060D0019246CC1009989D0 /* Debug */,
				BC060D0119246CC1009989D0 /* Release */,
			);
			defaultConfigurationIsVisible = 0;
			defaultConfigurationName = Release;
		};
		BC060D0219246CC1009989D0 /* Build configuration list for PBXNativeTarget "LKAssetsLibrary" */ = {
			isa = XCConfigurationList;
			buildConfigurations = (
				BC060D0319246CC1009989D0 /* Debug */,
				BC060D0419246CC1009989D0 /* Release */,
			);
			defaultConfigurationIsVisible = 0;
			defaultConfigurationName = Release;
		};
		BC060D0519246CC1009989D0 /* Build configuration list for PBXNativeTarget "LKAssetsLibraryTests" */ = {
			isa = XCConfigurationList;
			buildConfigurations = (
				BC060D0619246CC1009989D0 /* Debug */,
				BC060D0719246CC1009989D0 /* Release */,
			);
			defaultConfigurationIsVisible = 0;
			defaultConfigurationName = Release;
		};
/* End XCConfigurationList section */
	};
	rootObject = BC060CC819246CC0009989D0 /* Project object */;
}
